// !$*UTF8*$!
{
	archiveVersion = 1;
	classes = {
	};
	objectVersion = 44;
	objects = {

/* Begin PBXBuildFile section */
		481B78490D7E034E00422BCD /* Carbon.framework in Frameworks */ = {isa = PBXBuildFile; fileRef = 481B78480D7E034E00422BCD /* Carbon.framework */; };
		48291A940F5F297500B56B3F /* libcrypto.dylib in Frameworks */ = {isa = PBXBuildFile; fileRef = 48291A930F5F297500B56B3F /* libcrypto.dylib */; };
		482CF3260DAC00D0006525AB /* SLControllerConstants.m in Sources */ = {isa = PBXBuildFile; fileRef = 482CF3250DAC00D0006525AB /* SLControllerConstants.m */; };
		482CF59B0DBFC4E0006525AB /* lock.tiff in Resources */ = {isa = PBXBuildFile; fileRef = 482CF5990DBFC4E0006525AB /* lock.tiff */; };
		482CF59C0DBFC4E0006525AB /* move.tiff in Resources */ = {isa = PBXBuildFile; fileRef = 482CF59A0DBFC4E0006525AB /* move.tiff */; };
		4833D87A0DED9EE8001DD233 /* SLAppsView.m in Sources */ = {isa = PBXBuildFile; fileRef = 4833D8740DED9EE8001DD233 /* SLAppsView.m */; };
		4833D87B0DED9EE8001DD233 /* SLGradientView.m in Sources */ = {isa = PBXBuildFile; fileRef = 4833D8760DED9EE8001DD233 /* SLGradientView.m */; };
		4833D87C0DED9EE8001DD233 /* SLMonthView.m in Sources */ = {isa = PBXBuildFile; fileRef = 4833D8780DED9EE8001DD233 /* SLMonthView.m */; };
		4844C6B40E0087F700524A18 /* welcome-arrow.tiff in Resources */ = {isa = PBXBuildFile; fileRef = 4844C6B30E0087F700524A18 /* welcome-arrow.tiff */; };
		4844C6CE0E0091BD00524A18 /* welcome-arrow-pressed.tiff in Resources */ = {isa = PBXBuildFile; fileRef = 4844C6CD0E0091BD00524A18 /* welcome-arrow-pressed.tiff */; };
		484CFCBD0D73941100DD9C42 /* safari.scpt in Resources */ = {isa = PBXBuildFile; fileRef = 484CFCBC0D73940700DD9C42 /* safari.scpt */; };
		484CFD170D74613C00DD9C42 /* MAAttachedWindow.m in Sources */ = {isa = PBXBuildFile; fileRef = 484CFD160D74613C00DD9C42 /* MAAttachedWindow.m */; };
		484F69800D7F043D00856563 /* cal.tiff in Resources */ = {isa = PBXBuildFile; fileRef = 484F697E0D7F043D00856563 /* cal.tiff */; };
		484F69810D7F043D00856563 /* time.tiff in Resources */ = {isa = PBXBuildFile; fileRef = 484F697F0D7F043D00856563 /* time.tiff */; };
		484F6A870D7F400000856563 /* aquagray.tiff in Resources */ = {isa = PBXBuildFile; fileRef = 484F6A860D7F3FFF00856563 /* aquagray.tiff */; };
		484F6AA40D7F42EB00856563 /* aquablue.tiff in Resources */ = {isa = PBXBuildFile; fileRef = 484F6AA30D7F42EB00856563 /* aquablue.tiff */; };
		485CC6480D858EFD008DC7B8 /* firefox.scpt in Resources */ = {isa = PBXBuildFile; fileRef = 485CC6400D858946008DC7B8 /* firefox.scpt */; };
		485CC6490D858EFD008DC7B8 /* opera.scpt in Resources */ = {isa = PBXBuildFile; fileRef = 485CC6410D858946008DC7B8 /* opera.scpt */; };
		486372070DE74C0D0096AD9F /* edit.tiff in Resources */ = {isa = PBXBuildFile; fileRef = 486372060DE74C0D0096AD9F /* edit.tiff */; };
		487163970DF2D89B00A79E05 /* SLItemsView.m in Sources */ = {isa = PBXBuildFile; fileRef = 487163960DF2D89B00A79E05 /* SLItemsView.m */; };
		4871654D0DF4770F00A79E05 /* mail.scpt in Resources */ = {isa = PBXBuildFile; fileRef = 487165320DF4761A00A79E05 /* mail.scpt */; };
		4871654E0DF4770F00A79E05 /* netnewswire.scpt in Resources */ = {isa = PBXBuildFile; fileRef = 487165330DF4761A00A79E05 /* netnewswire.scpt */; };
		487C4B1D0D872CFB00E16794 /* linkarrow.tiff in Resources */ = {isa = PBXBuildFile; fileRef = 487C4B1C0D872CFB00E16794 /* linkarrow.tiff */; };
		487CD51A0DF86EC5007ABADE /* SLSideFrameButtonController.m in Sources */ = {isa = PBXBuildFile; fileRef = 487CD5190DF86EC5007ABADE /* SLSideFrameButtonController.m */; };
		487CD51D0DF86EE0007ABADE /* SLSideFrameButtonView.m in Sources */ = {isa = PBXBuildFile; fileRef = 487CD51C0DF86EE0007ABADE /* SLSideFrameButtonView.m */; };
		4887C6C60DD233920069616E /* yellow-dot.tiff in Resources */ = {isa = PBXBuildFile; fileRef = 4887C6C50DD233920069616E /* yellow-dot.tiff */; };
		489385470E22AA45003C3EFB /* Inspector.xib in Resources */ = {isa = PBXBuildFile; fileRef = 489385450E22AA45003C3EFB /* Inspector.xib */; };
		489386110E23AF2B003C3EFB /* SLInfoWindowController.m in Sources */ = {isa = PBXBuildFile; fileRef = 489386100E23AF2B003C3EFB /* SLInfoWindowController.m */; };
		489388D50E256D70003C3EFB /* Slife_DataModel.xcdatamodeld in Sources */ = {isa = PBXBuildFile; fileRef = 489388D40E256D70003C3EFB /* Slife_DataModel.xcdatamodeld */; };
		489CAF300DB83DDC00321883 /* info.tiff in Resources */ = {isa = PBXBuildFile; fileRef = 489CAF2F0DB83DDC00321883 /* info.tiff */; };
		48BA15E00D6A1FE20056946A /* aquabar.tiff in Resources */ = {isa = PBXBuildFile; fileRef = 48BA15DE0D6A1FE20056946A /* aquabar.tiff */; };
		48BA15E10D6A1FE20056946A /* splitviewthumb.tiff in Resources */ = {isa = PBXBuildFile; fileRef = 48BA15DF0D6A1FE20056946A /* splitviewthumb.tiff */; };
		48BA15FA0D6A2A850056946A /* KFSplitView.m in Sources */ = {isa = PBXBuildFile; fileRef = 48BA15F90D6A2A850056946A /* KFSplitView.m */; };
		48BA15FF0D6A2AE70056946A /* DBSourceSplitView.m in Sources */ = {isa = PBXBuildFile; fileRef = 48BA15FE0D6A2AE70056946A /* DBSourceSplitView.m */; };
		48BA1E750D9300D400774F15 /* ImageAndTextCell.m in Sources */ = {isa = PBXBuildFile; fileRef = 48BA1E740D9300D400774F15 /* ImageAndTextCell.m */; };
		48C2D3E70DCA789C00E4D8A3 /* green-dot.tiff in Resources */ = {isa = PBXBuildFile; fileRef = 48C2D3E40DCA789C00E4D8A3 /* green-dot.tiff */; };
		48C2D3E80DCA789C00E4D8A3 /* red-dot.tiff in Resources */ = {isa = PBXBuildFile; fileRef = 48C2D3E50DCA789C00E4D8A3 /* red-dot.tiff */; };
		48C2D3FF0DCA7C7200E4D8A3 /* gray-dot.tiff in Resources */ = {isa = PBXBuildFile; fileRef = 48C2D3FE0DCA7C7200E4D8A3 /* gray-dot.tiff */; };
		48C95A070D9D234900957685 /* Slife.icns in Resources */ = {isa = PBXBuildFile; fileRef = 48C95A060D9D234900957685 /* Slife.icns */; };
		48C95A0E0D9D24F100957685 /* activity-small.png in Resources */ = {isa = PBXBuildFile; fileRef = 48C95A0D0D9D24F100957685 /* activity-small.png */; };
		48C95A3F0D9D2B8100957685 /* activity-settings-small.png in Resources */ = {isa = PBXBuildFile; fileRef = 48C95A3C0D9D2B8100957685 /* activity-settings-small.png */; };
		48C95A400D9D2B8100957685 /* application-settings-small.png in Resources */ = {isa = PBXBuildFile; fileRef = 48C95A3D0D9D2B8100957685 /* application-settings-small.png */; };
		48C95A410D9D2B8100957685 /* item-settings-small.png in Resources */ = {isa = PBXBuildFile; fileRef = 48C95A3E0D9D2B8100957685 /* item-settings-small.png */; };
		48C95A480D9D2DCA00957685 /* application-small.png in Resources */ = {isa = PBXBuildFile; fileRef = 48C95A440D9D2DCA00957685 /* application-small.png */; };
		48C95A490D9D2DCA00957685 /* day-small.png in Resources */ = {isa = PBXBuildFile; fileRef = 48C95A450D9D2DCA00957685 /* day-small.png */; };
		48C95A4A0D9D2DCA00957685 /* goal-small.png in Resources */ = {isa = PBXBuildFile; fileRef = 48C95A460D9D2DCA00957685 /* goal-small.png */; };
		48C95A4B0D9D2DCA00957685 /* month-small.png in Resources */ = {isa = PBXBuildFile; fileRef = 48C95A470D9D2DCA00957685 /* month-small.png */; };
		48C95A820D9D419A00957685 /* item-small.png in Resources */ = {isa = PBXBuildFile; fileRef = 48C95A810D9D419A00957685 /* item-small.png */; };
		48CBF6FD0DA178BB00D1BF6C /* SLPreferences.m in Sources */ = {isa = PBXBuildFile; fileRef = 48CBF6FC0DA178BB00D1BF6C /* SLPreferences.m */; };
		48CBF75C0DA19EE900D1BF6C /* menubar-black.png in Resources */ = {isa = PBXBuildFile; fileRef = 48CBF75A0DA19EE900D1BF6C /* menubar-black.png */; };
		48CBF75D0DA19EE900D1BF6C /* menubar-red.png in Resources */ = {isa = PBXBuildFile; fileRef = 48CBF75B0DA19EE900D1BF6C /* menubar-red.png */; };
		48DBEA5C0D6DF52300FAFD57 /* SLActivitiesSplitView.m in Sources */ = {isa = PBXBuildFile; fileRef = 48DBEA5B0D6DF52300FAFD57 /* SLActivitiesSplitView.m */; };
		48DBEC0A0D6E5A9B00FAFD57 /* SLActivitiesView.m in Sources */ = {isa = PBXBuildFile; fileRef = 48DBEBFF0D6E5A9B00FAFD57 /* SLActivitiesView.m */; };
		48DBEC0D0D6E5A9B00FAFD57 /* SLControlsView.m in Sources */ = {isa = PBXBuildFile; fileRef = 48DBEC050D6E5A9B00FAFD57 /* SLControlsView.m */; };
		48DBEC180D6F2EB900FAFD57 /* SLWhiteView.m in Sources */ = {isa = PBXBuildFile; fileRef = 48DBEC170D6F2EB900FAFD57 /* SLWhiteView.m */; };
		48DBEC1D0D6F2F1700FAFD57 /* SLBarGraphView.m in Sources */ = {isa = PBXBuildFile; fileRef = 48DBEC1C0D6F2F1700FAFD57 /* SLBarGraphView.m */; };
		48DBECB70D6F443700FAFD57 /* graygradientlarge.tiff in Resources */ = {isa = PBXBuildFile; fileRef = 48DBECB60D6F443700FAFD57 /* graygradientlarge.tiff */; };
		48ED5FBE0D99B5FE003673FA /* SLGoalsView.m in Sources */ = {isa = PBXBuildFile; fileRef = 48ED5FBD0D99B5FE003673FA /* SLGoalsView.m */; };
		48FDB7E70E36835900BA0CE4 /* SLMappingModel-20201.xcmappingmodel in Sources */ = {isa = PBXBuildFile; fileRef = 48FDB7E60E36835900BA0CE4 /* SLMappingModel-20201.xcmappingmodel */; };
		48FF095D0D3D6A24009B856F /* SLColorCell.m in Sources */ = {isa = PBXBuildFile; fileRef = 48FF095C0D3D6A24009B856F /* SLColorCell.m */; };
		77C8280E06725ACE000B614F /* Slife_AppDelegate.m in Sources */ = {isa = PBXBuildFile; fileRef = 77C8280C06725ACE000B614F /* Slife_AppDelegate.m */; };
		8D11072A0486CEB800E47090 /* MainMenu.nib in Resources */ = {isa = PBXBuildFile; fileRef = 29B97318FDCFA39411CA2CEA /* MainMenu.nib */; };
		8D11072B0486CEB800E47090 /* InfoPlist.strings in Resources */ = {isa = PBXBuildFile; fileRef = 089C165CFE840E0CC02AAC07 /* InfoPlist.strings */; };
		8D11072D0486CEB800E47090 /* main.m in Sources */ = {isa = PBXBuildFile; fileRef = 29B97316FDCFA39411CA2CEA /* main.m */; settings = {ATTRIBUTES = (); }; };
		8D11072F0486CEB800E47090 /* Cocoa.framework in Frameworks */ = {isa = PBXBuildFile; fileRef = 1058C7A1FEA54F0111CA2CBB /* Cocoa.framework */; };
		EB6BB9060D09FA2D00CD8B1B /* SLSideFrame.m in Sources */ = {isa = PBXBuildFile; fileRef = EB6BB9050D09FA2D00CD8B1B /* SLSideFrame.m */; };
		EB6C68B50D04565700DAB164 /* SLDayView.m in Sources */ = {isa = PBXBuildFile; fileRef = EB6C68B40D04565700DAB164 /* SLDayView.m */; };
		EB6C6A190D05E7C100DAB164 /* SLViewConstants.m in Sources */ = {isa = PBXBuildFile; fileRef = EB6C6A180D05E7C100DAB164 /* SLViewConstants.m */; };
		EB6C6AA70D05FE4600DAB164 /* SLUtilities.m in Sources */ = {isa = PBXBuildFile; fileRef = EB6C6AA60D05FE4600DAB164 /* SLUtilities.m */; };
		EB6C6AC40D05FF6200DAB164 /* UKLoginItemRegistry.m in Sources */ = {isa = PBXBuildFile; fileRef = EB6C6AC30D05FF6200DAB164 /* UKLoginItemRegistry.m */; };
		EB6C6AD00D0600D600DAB164 /* LoginItemsAE.c in Sources */ = {isa = PBXBuildFile; fileRef = EB6C6ACE0D0600D600DAB164 /* LoginItemsAE.c */; };
		EB8C69410D077795001CB7DF /* SLObserver.m in Sources */ = {isa = PBXBuildFile; fileRef = EB8C69400D077795001CB7DF /* SLObserver.m */; };
/* End PBXBuildFile section */

/* Begin PBXCopyFilesBuildPhase section */
		48A2E5CF0D982F0D00325AD1 /* CopyFiles */ = {
			isa = PBXCopyFilesBuildPhase;
			buildActionMask = 2147483647;
			dstPath = "";
			dstSubfolderSpec = 10;
			files = (
			);
			runOnlyForDeploymentPostprocessing = 0;
		};
/* End PBXCopyFilesBuildPhase section */

/* Begin PBXFileReference section */
		089C165DFE840E0CC02AAC07 /* English */ = {isa = PBXFileReference; fileEncoding = 10; lastKnownFileType = text.plist.strings; name = English; path = English.lproj/InfoPlist.strings; sourceTree = "<group>"; };
		1058C7A1FEA54F0111CA2CBB /* Cocoa.framework */ = {isa = PBXFileReference; lastKnownFileType = wrapper.framework; name = Cocoa.framework; path = /System/Library/Frameworks/Cocoa.framework; sourceTree = "<absolute>"; };
		29B97316FDCFA39411CA2CEA /* main.m */ = {isa = PBXFileReference; fileEncoding = 4; lastKnownFileType = sourcecode.c.objc; path = main.m; sourceTree = "<group>"; };
		29B97319FDCFA39411CA2CEA /* English */ = {isa = PBXFileReference; lastKnownFileType = wrapper.nib; name = English; path = English.lproj/MainMenu.nib; sourceTree = "<group>"; };
		29B97324FDCFA39411CA2CEA /* AppKit.framework */ = {isa = PBXFileReference; lastKnownFileType = wrapper.framework; name = AppKit.framework; path = /System/Library/Frameworks/AppKit.framework; sourceTree = "<absolute>"; };
		29B97325FDCFA39411CA2CEA /* Foundation.framework */ = {isa = PBXFileReference; lastKnownFileType = wrapper.framework; name = Foundation.framework; path = /System/Library/Frameworks/Foundation.framework; sourceTree = "<absolute>"; };
		32CA4F630368D1EE00C91783 /* Slife_Prefix.pch */ = {isa = PBXFileReference; fileEncoding = 4; lastKnownFileType = sourcecode.c.h; path = Slife_Prefix.pch; sourceTree = "<group>"; };
		481B78480D7E034E00422BCD /* Carbon.framework */ = {isa = PBXFileReference; lastKnownFileType = wrapper.framework; name = Carbon.framework; path = /System/Library/Frameworks/Carbon.framework; sourceTree = "<absolute>"; };
		48291A930F5F297500B56B3F /* libcrypto.dylib */ = {isa = PBXFileReference; lastKnownFileType = "compiled.mach-o.dylib"; name = libcrypto.dylib; path = /usr/lib/libcrypto.dylib; sourceTree = "<absolute>"; };
		482CF3250DAC00D0006525AB /* SLControllerConstants.m */ = {isa = PBXFileReference; fileEncoding = 4; lastKnownFileType = sourcecode.c.objc; name = SLControllerConstants.m; path = Controllers/SLControllerConstants.m; sourceTree = "<group>"; };
		482CF5990DBFC4E0006525AB /* lock.tiff */ = {isa = PBXFileReference; lastKnownFileType = image.tiff; path = lock.tiff; sourceTree = "<group>"; };
		482CF59A0DBFC4E0006525AB /* move.tiff */ = {isa = PBXFileReference; lastKnownFileType = image.tiff; path = move.tiff; sourceTree = "<group>"; };
		4833D8730DED9EE8001DD233 /* SLAppsView.h */ = {isa = PBXFileReference; fileEncoding = 4; lastKnownFileType = sourcecode.c.h; name = SLAppsView.h; path = Views/SLAppsView.h; sourceTree = "<group>"; };
		4833D8740DED9EE8001DD233 /* SLAppsView.m */ = {isa = PBXFileReference; fileEncoding = 4; lastKnownFileType = sourcecode.c.objc; name = SLAppsView.m; path = Views/SLAppsView.m; sourceTree = "<group>"; };
		4833D8750DED9EE8001DD233 /* SLGradientView.h */ = {isa = PBXFileReference; fileEncoding = 4; lastKnownFileType = sourcecode.c.h; name = SLGradientView.h; path = Views/SLGradientView.h; sourceTree = "<group>"; };
		4833D8760DED9EE8001DD233 /* SLGradientView.m */ = {isa = PBXFileReference; fileEncoding = 4; lastKnownFileType = sourcecode.c.objc; name = SLGradientView.m; path = Views/SLGradientView.m; sourceTree = "<group>"; };
		4833D8770DED9EE8001DD233 /* SLMonthView.h */ = {isa = PBXFileReference; fileEncoding = 4; lastKnownFileType = sourcecode.c.h; name = SLMonthView.h; path = Views/SLMonthView.h; sourceTree = "<group>"; };
		4833D8780DED9EE8001DD233 /* SLMonthView.m */ = {isa = PBXFileReference; fileEncoding = 4; lastKnownFileType = sourcecode.c.objc; name = SLMonthView.m; path = Views/SLMonthView.m; sourceTree = "<group>"; };
		4844C6B30E0087F700524A18 /* welcome-arrow.tiff */ = {isa = PBXFileReference; lastKnownFileType = image.tiff; path = "welcome-arrow.tiff"; sourceTree = "<group>"; };
		4844C6CD0E0091BD00524A18 /* welcome-arrow-pressed.tiff */ = {isa = PBXFileReference; lastKnownFileType = image.tiff; path = "welcome-arrow-pressed.tiff"; sourceTree = "<group>"; };
		484CFCBC0D73940700DD9C42 /* safari.scpt */ = {isa = PBXFileReference; fileEncoding = 4; lastKnownFileType = sourcecode.scpt; name = safari.scpt; path = Scripts/safari.scpt; sourceTree = "<group>"; };
		484CFD150D74613C00DD9C42 /* MAAttachedWindow.h */ = {isa = PBXFileReference; fileEncoding = 4; lastKnownFileType = sourcecode.c.h; name = MAAttachedWindow.h; path = "Third-Party/MAAttachedWindow.h"; sourceTree = "<group>"; };
		484CFD160D74613C00DD9C42 /* MAAttachedWindow.m */ = {isa = PBXFileReference; fileEncoding = 4; lastKnownFileType = sourcecode.c.objc; name = MAAttachedWindow.m; path = "Third-Party/MAAttachedWindow.m"; sourceTree = "<group>"; };
		484F697E0D7F043D00856563 /* cal.tiff */ = {isa = PBXFileReference; lastKnownFileType = image.tiff; path = cal.tiff; sourceTree = "<group>"; };
		484F697F0D7F043D00856563 /* time.tiff */ = {isa = PBXFileReference; lastKnownFileType = image.tiff; path = time.tiff; sourceTree = "<group>"; };
		484F6A860D7F3FFF00856563 /* aquagray.tiff */ = {isa = PBXFileReference; lastKnownFileType = image.tiff; path = aquagray.tiff; sourceTree = "<group>"; };
		484F6AA30D7F42EB00856563 /* aquablue.tiff */ = {isa = PBXFileReference; lastKnownFileType = image.tiff; path = aquablue.tiff; sourceTree = "<group>"; };
		485CC6400D858946008DC7B8 /* firefox.scpt */ = {isa = PBXFileReference; fileEncoding = 4; lastKnownFileType = sourcecode.scpt; name = firefox.scpt; path = Scripts/firefox.scpt; sourceTree = "<group>"; };
		485CC6410D858946008DC7B8 /* opera.scpt */ = {isa = PBXFileReference; fileEncoding = 4; lastKnownFileType = sourcecode.scpt; name = opera.scpt; path = Scripts/opera.scpt; sourceTree = "<group>"; };
		486372060DE74C0D0096AD9F /* edit.tiff */ = {isa = PBXFileReference; lastKnownFileType = image.tiff; path = edit.tiff; sourceTree = "<group>"; };
		487163950DF2D89B00A79E05 /* SLItemsView.h */ = {isa = PBXFileReference; fileEncoding = 4; lastKnownFileType = sourcecode.c.h; name = SLItemsView.h; path = Views/SLItemsView.h; sourceTree = "<group>"; };
		487163960DF2D89B00A79E05 /* SLItemsView.m */ = {isa = PBXFileReference; fileEncoding = 4; lastKnownFileType = sourcecode.c.objc; name = SLItemsView.m; path = Views/SLItemsView.m; sourceTree = "<group>"; };
		487165320DF4761A00A79E05 /* mail.scpt */ = {isa = PBXFileReference; fileEncoding = 4; lastKnownFileType = sourcecode.scpt; name = mail.scpt; path = Scripts/mail.scpt; sourceTree = "<group>"; };
		487165330DF4761A00A79E05 /* netnewswire.scpt */ = {isa = PBXFileReference; fileEncoding = 4; lastKnownFileType = sourcecode.scpt; name = netnewswire.scpt; path = Scripts/netnewswire.scpt; sourceTree = "<group>"; };
		487C4B1C0D872CFB00E16794 /* linkarrow.tiff */ = {isa = PBXFileReference; lastKnownFileType = image.tiff; path = linkarrow.tiff; sourceTree = "<group>"; };
		487CD5180DF86EC5007ABADE /* SLSideFrameButtonController.h */ = {isa = PBXFileReference; fileEncoding = 4; lastKnownFileType = sourcecode.c.h; name = SLSideFrameButtonController.h; path = Controllers/SLSideFrameButtonController.h; sourceTree = "<group>"; };
		487CD5190DF86EC5007ABADE /* SLSideFrameButtonController.m */ = {isa = PBXFileReference; fileEncoding = 4; lastKnownFileType = sourcecode.c.objc; name = SLSideFrameButtonController.m; path = Controllers/SLSideFrameButtonController.m; sourceTree = "<group>"; };
		487CD51B0DF86EE0007ABADE /* SLSideFrameButtonView.h */ = {isa = PBXFileReference; fileEncoding = 4; lastKnownFileType = sourcecode.c.h; name = SLSideFrameButtonView.h; path = Views/SLSideFrameButtonView.h; sourceTree = "<group>"; };
		487CD51C0DF86EE0007ABADE /* SLSideFrameButtonView.m */ = {isa = PBXFileReference; fileEncoding = 4; lastKnownFileType = sourcecode.c.objc; name = SLSideFrameButtonView.m; path = Views/SLSideFrameButtonView.m; sourceTree = "<group>"; };
		4887C6C50DD233920069616E /* yellow-dot.tiff */ = {isa = PBXFileReference; lastKnownFileType = image.tiff; path = "yellow-dot.tiff"; sourceTree = "<group>"; };
		489385460E22AA45003C3EFB /* English */ = {isa = PBXFileReference; lastKnownFileType = file.xib; name = English; path = English.lproj/Inspector.xib; sourceTree = "<group>"; };
		4893860F0E23AF2B003C3EFB /* SLInfoWindowController.h */ = {isa = PBXFileReference; fileEncoding = 4; lastKnownFileType = sourcecode.c.h; name = SLInfoWindowController.h; path = Controllers/SLInfoWindowController.h; sourceTree = "<group>"; };
		489386100E23AF2B003C3EFB /* SLInfoWindowController.m */ = {isa = PBXFileReference; fileEncoding = 4; lastKnownFileType = sourcecode.c.objc; name = SLInfoWindowController.m; path = Controllers/SLInfoWindowController.m; sourceTree = "<group>"; };
		489CAF2F0DB83DDC00321883 /* info.tiff */ = {isa = PBXFileReference; lastKnownFileType = image.tiff; path = info.tiff; sourceTree = "<group>"; };
		48B33CA20E35298B0032B79B /* Slife_DataModel 2.xcdatamodel */ = {isa = PBXFileReference; lastKnownFileType = wrapper.xcdatamodel; path = "Slife_DataModel 2.xcdatamodel"; sourceTree = "<group>"; };
		48BA15DE0D6A1FE20056946A /* aquabar.tiff */ = {isa = PBXFileReference; lastKnownFileType = image.tiff; path = aquabar.tiff; sourceTree = "<group>"; };
		48BA15DF0D6A1FE20056946A /* splitviewthumb.tiff */ = {isa = PBXFileReference; lastKnownFileType = image.tiff; path = splitviewthumb.tiff; sourceTree = "<group>"; };
		48BA15F80D6A2A850056946A /* KFSplitView.h */ = {isa = PBXFileReference; fileEncoding = 4; lastKnownFileType = sourcecode.c.h; name = KFSplitView.h; path = "Third-Party/KFSplitView.h"; sourceTree = "<group>"; };
		48BA15F90D6A2A850056946A /* KFSplitView.m */ = {isa = PBXFileReference; fileEncoding = 4; lastKnownFileType = sourcecode.c.objc; name = KFSplitView.m; path = "Third-Party/KFSplitView.m"; sourceTree = "<group>"; };
		48BA15FD0D6A2AE70056946A /* DBSourceSplitView.h */ = {isa = PBXFileReference; fileEncoding = 4; lastKnownFileType = sourcecode.c.h; name = DBSourceSplitView.h; path = "Third-Party/DBSourceSplitView.h"; sourceTree = "<group>"; };
		48BA15FE0D6A2AE70056946A /* DBSourceSplitView.m */ = {isa = PBXFileReference; fileEncoding = 4; lastKnownFileType = sourcecode.c.objc; name = DBSourceSplitView.m; path = "Third-Party/DBSourceSplitView.m"; sourceTree = "<group>"; };
		48BA1E730D9300D400774F15 /* ImageAndTextCell.h */ = {isa = PBXFileReference; fileEncoding = 4; lastKnownFileType = sourcecode.c.h; name = ImageAndTextCell.h; path = "Third-Party/ImageAndTextCell.h"; sourceTree = "<group>"; };
		48BA1E740D9300D400774F15 /* ImageAndTextCell.m */ = {isa = PBXFileReference; fileEncoding = 4; lastKnownFileType = sourcecode.c.objc; name = ImageAndTextCell.m; path = "Third-Party/ImageAndTextCell.m"; sourceTree = "<group>"; };
		48C2D3E40DCA789C00E4D8A3 /* green-dot.tiff */ = {isa = PBXFileReference; lastKnownFileType = image.tiff; path = "green-dot.tiff"; sourceTree = "<group>"; };
		48C2D3E50DCA789C00E4D8A3 /* red-dot.tiff */ = {isa = PBXFileReference; lastKnownFileType = image.tiff; path = "red-dot.tiff"; sourceTree = "<group>"; };
		48C2D3FE0DCA7C7200E4D8A3 /* gray-dot.tiff */ = {isa = PBXFileReference; lastKnownFileType = image.tiff; path = "gray-dot.tiff"; sourceTree = "<group>"; };
		48C95A060D9D234900957685 /* Slife.icns */ = {isa = PBXFileReference; lastKnownFileType = image.icns; path = Slife.icns; sourceTree = "<group>"; };
		48C95A0D0D9D24F100957685 /* activity-small.png */ = {isa = PBXFileReference; lastKnownFileType = image.png; path = "activity-small.png"; sourceTree = "<group>"; };
		48C95A3C0D9D2B8100957685 /* activity-settings-small.png */ = {isa = PBXFileReference; lastKnownFileType = image.png; path = "activity-settings-small.png"; sourceTree = "<group>"; };
		48C95A3D0D9D2B8100957685 /* application-settings-small.png */ = {isa = PBXFileReference; lastKnownFileType = image.png; path = "application-settings-small.png"; sourceTree = "<group>"; };
		48C95A3E0D9D2B8100957685 /* item-settings-small.png */ = {isa = PBXFileReference; lastKnownFileType = image.png; path = "item-settings-small.png"; sourceTree = "<group>"; };
		48C95A440D9D2DCA00957685 /* application-small.png */ = {isa = PBXFileReference; lastKnownFileType = image.png; path = "application-small.png"; sourceTree = "<group>"; };
		48C95A450D9D2DCA00957685 /* day-small.png */ = {isa = PBXFileReference; lastKnownFileType = image.png; path = "day-small.png"; sourceTree = "<group>"; };
		48C95A460D9D2DCA00957685 /* goal-small.png */ = {isa = PBXFileReference; lastKnownFileType = image.png; path = "goal-small.png"; sourceTree = "<group>"; };
		48C95A470D9D2DCA00957685 /* month-small.png */ = {isa = PBXFileReference; lastKnownFileType = image.png; path = "month-small.png"; sourceTree = "<group>"; };
		48C95A810D9D419A00957685 /* item-small.png */ = {isa = PBXFileReference; lastKnownFileType = image.png; path = "item-small.png"; sourceTree = "<group>"; };
		48CBF6FC0DA178BB00D1BF6C /* SLPreferences.m */ = {isa = PBXFileReference; fileEncoding = 4; lastKnownFileType = sourcecode.c.objc; name = SLPreferences.m; path = Controllers/SLPreferences.m; sourceTree = "<group>"; };
		48CBF75A0DA19EE900D1BF6C /* menubar-black.png */ = {isa = PBXFileReference; lastKnownFileType = image.png; path = "menubar-black.png"; sourceTree = "<group>"; };
		48CBF75B0DA19EE900D1BF6C /* menubar-red.png */ = {isa = PBXFileReference; lastKnownFileType = image.png; path = "menubar-red.png"; sourceTree = "<group>"; };
		48DBEA5A0D6DF52300FAFD57 /* SLActivitiesSplitView.h */ = {isa = PBXFileReference; fileEncoding = 4; lastKnownFileType = sourcecode.c.h; name = SLActivitiesSplitView.h; path = Views/SLActivitiesSplitView.h; sourceTree = "<group>"; };
		48DBEA5B0D6DF52300FAFD57 /* SLActivitiesSplitView.m */ = {isa = PBXFileReference; fileEncoding = 4; lastKnownFileType = sourcecode.c.objc; name = SLActivitiesSplitView.m; path = Views/SLActivitiesSplitView.m; sourceTree = "<group>"; };
		48DBEBFE0D6E5A9B00FAFD57 /* SLActivitiesView.h */ = {isa = PBXFileReference; fileEncoding = 4; lastKnownFileType = sourcecode.c.h; name = SLActivitiesView.h; path = Views/SLActivitiesView.h; sourceTree = "<group>"; };
		48DBEBFF0D6E5A9B00FAFD57 /* SLActivitiesView.m */ = {isa = PBXFileReference; fileEncoding = 4; lastKnownFileType = sourcecode.c.objc; name = SLActivitiesView.m; path = Views/SLActivitiesView.m; sourceTree = "<group>"; };
		48DBEC040D6E5A9B00FAFD57 /* SLControlsView.h */ = {isa = PBXFileReference; fileEncoding = 4; lastKnownFileType = sourcecode.c.h; name = SLControlsView.h; path = Views/SLControlsView.h; sourceTree = "<group>"; };
		48DBEC050D6E5A9B00FAFD57 /* SLControlsView.m */ = {isa = PBXFileReference; fileEncoding = 4; lastKnownFileType = sourcecode.c.objc; name = SLControlsView.m; path = Views/SLControlsView.m; sourceTree = "<group>"; };
		48DBEC160D6F2EB900FAFD57 /* SLWhiteView.h */ = {isa = PBXFileReference; fileEncoding = 4; lastKnownFileType = sourcecode.c.h; name = SLWhiteView.h; path = Views/SLWhiteView.h; sourceTree = "<group>"; };
		48DBEC170D6F2EB900FAFD57 /* SLWhiteView.m */ = {isa = PBXFileReference; fileEncoding = 4; lastKnownFileType = sourcecode.c.objc; name = SLWhiteView.m; path = Views/SLWhiteView.m; sourceTree = "<group>"; };
		48DBEC1B0D6F2F1700FAFD57 /* SLBarGraphView.h */ = {isa = PBXFileReference; fileEncoding = 4; lastKnownFileType = sourcecode.c.h; name = SLBarGraphView.h; path = Views/SLBarGraphView.h; sourceTree = "<group>"; };
		48DBEC1C0D6F2F1700FAFD57 /* SLBarGraphView.m */ = {isa = PBXFileReference; fileEncoding = 4; lastKnownFileType = sourcecode.c.objc; name = SLBarGraphView.m; path = Views/SLBarGraphView.m; sourceTree = "<group>"; };
		48DBECB60D6F443700FAFD57 /* graygradientlarge.tiff */ = {isa = PBXFileReference; lastKnownFileType = image.tiff; path = graygradientlarge.tiff; sourceTree = "<group>"; };
		48ED5FBC0D99B5FE003673FA /* SLGoalsView.h */ = {isa = PBXFileReference; fileEncoding = 4; lastKnownFileType = sourcecode.c.h; name = SLGoalsView.h; path = Views/SLGoalsView.h; sourceTree = "<group>"; };
		48ED5FBD0D99B5FE003673FA /* SLGoalsView.m */ = {isa = PBXFileReference; fileEncoding = 4; lastKnownFileType = sourcecode.c.objc; name = SLGoalsView.m; path = Views/SLGoalsView.m; sourceTree = "<group>"; };
		48FDB7E60E36835900BA0CE4 /* SLMappingModel-20201.xcmappingmodel */ = {isa = PBXFileReference; fileEncoding = 4; lastKnownFileType = wrapper.xcmappingmodel; name = "SLMappingModel-20201.xcmappingmodel"; path = "Mapping Models/SLMappingModel-20201.xcmappingmodel"; sourceTree = "<group>"; };
		48FF095B0D3D6A24009B856F /* SLColorCell.h */ = {isa = PBXFileReference; fileEncoding = 4; lastKnownFileType = sourcecode.c.h; name = SLColorCell.h; path = Views/SLColorCell.h; sourceTree = "<group>"; };
		48FF095C0D3D6A24009B856F /* SLColorCell.m */ = {isa = PBXFileReference; fileEncoding = 4; lastKnownFileType = sourcecode.c.objc; name = SLColorCell.m; path = Views/SLColorCell.m; sourceTree = "<group>"; };
		770B37EC0679A11B001EADE2 /* Slife_DataModel.xcdatamodel */ = {isa = PBXFileReference; fileEncoding = 4; lastKnownFileType = wrapper.xcdatamodel; path = Slife_DataModel.xcdatamodel; sourceTree = "<group>"; };
		77C82804067257F0000B614F /* CoreData.framework */ = {isa = PBXFileReference; lastKnownFileType = wrapper.framework; name = CoreData.framework; path = /System/Library/Frameworks/CoreData.framework; sourceTree = "<absolute>"; };
		77C8280B06725ACE000B614F /* Slife_AppDelegate.h */ = {isa = PBXFileReference; fileEncoding = 4; lastKnownFileType = sourcecode.c.h; path = Slife_AppDelegate.h; sourceTree = "<group>"; };
		77C8280C06725ACE000B614F /* Slife_AppDelegate.m */ = {isa = PBXFileReference; fileEncoding = 4; lastKnownFileType = sourcecode.c.objc; path = Slife_AppDelegate.m; sourceTree = "<group>"; };
		8D1107310486CEB800E47090 /* Info.plist */ = {isa = PBXFileReference; fileEncoding = 4; lastKnownFileType = text.plist; path = Info.plist; sourceTree = "<group>"; };
		8D1107320486CEB800E47090 /* Slife.app */ = {isa = PBXFileReference; explicitFileType = wrapper.application; includeInIndex = 0; path = Slife.app; sourceTree = BUILT_PRODUCTS_DIR; };
		EB6BB9040D09FA2D00CD8B1B /* SLSideFrame.h */ = {isa = PBXFileReference; fileEncoding = 4; lastKnownFileType = sourcecode.c.h; name = SLSideFrame.h; path = Views/SLSideFrame.h; sourceTree = "<group>"; };
		EB6BB9050D09FA2D00CD8B1B /* SLSideFrame.m */ = {isa = PBXFileReference; fileEncoding = 4; lastKnownFileType = sourcecode.c.objc; name = SLSideFrame.m; path = Views/SLSideFrame.m; sourceTree = "<group>"; };
		EB6C68B30D04565700DAB164 /* SLDayView.h */ = {isa = PBXFileReference; fileEncoding = 4; lastKnownFileType = sourcecode.c.h; name = SLDayView.h; path = Views/SLDayView.h; sourceTree = "<group>"; };
		EB6C68B40D04565700DAB164 /* SLDayView.m */ = {isa = PBXFileReference; fileEncoding = 4; lastKnownFileType = sourcecode.c.objc; name = SLDayView.m; path = Views/SLDayView.m; sourceTree = "<group>"; };
		EB6C6A180D05E7C100DAB164 /* SLViewConstants.m */ = {isa = PBXFileReference; fileEncoding = 4; lastKnownFileType = sourcecode.c.objc; name = SLViewConstants.m; path = Views/SLViewConstants.m; sourceTree = "<group>"; };
		EB6C6AA50D05FE4600DAB164 /* SLUtilities.h */ = {isa = PBXFileReference; fileEncoding = 4; lastKnownFileType = sourcecode.c.h; name = SLUtilities.h; path = Utilities/SLUtilities.h; sourceTree = "<group>"; };
		EB6C6AA60D05FE4600DAB164 /* SLUtilities.m */ = {isa = PBXFileReference; fileEncoding = 4; lastKnownFileType = sourcecode.c.objc; name = SLUtilities.m; path = Utilities/SLUtilities.m; sourceTree = "<group>"; };
		EB6C6AC20D05FF6200DAB164 /* UKLoginItemRegistry.h */ = {isa = PBXFileReference; fileEncoding = 4; lastKnownFileType = sourcecode.c.h; name = UKLoginItemRegistry.h; path = "Third-Party/UKLoginItemRegistry.h"; sourceTree = "<group>"; };
		EB6C6AC30D05FF6200DAB164 /* UKLoginItemRegistry.m */ = {isa = PBXFileReference; fileEncoding = 4; lastKnownFileType = sourcecode.c.objc; name = UKLoginItemRegistry.m; path = "Third-Party/UKLoginItemRegistry.m"; sourceTree = "<group>"; };
		EB6C6ACE0D0600D600DAB164 /* LoginItemsAE.c */ = {isa = PBXFileReference; fileEncoding = 4; lastKnownFileType = sourcecode.c.c; name = LoginItemsAE.c; path = "Third-Party/LoginItemsAE.c"; sourceTree = "<group>"; };
		EB6C6ACF0D0600D600DAB164 /* LoginItemsAE.h */ = {isa = PBXFileReference; fileEncoding = 4; lastKnownFileType = sourcecode.c.h; name = LoginItemsAE.h; path = "Third-Party/LoginItemsAE.h"; sourceTree = "<group>"; };
		EB8C693F0D077795001CB7DF /* SLObserver.h */ = {isa = PBXFileReference; fileEncoding = 4; lastKnownFileType = sourcecode.c.h; name = SLObserver.h; path = Controllers/SLObserver.h; sourceTree = "<group>"; };
		EB8C69400D077795001CB7DF /* SLObserver.m */ = {isa = PBXFileReference; fileEncoding = 4; lastKnownFileType = sourcecode.c.objc; name = SLObserver.m; path = Controllers/SLObserver.m; sourceTree = "<group>"; };
/* End PBXFileReference section */

/* Begin PBXFrameworksBuildPhase section */
		8D11072E0486CEB800E47090 /* Frameworks */ = {
			isa = PBXFrameworksBuildPhase;
			buildActionMask = 2147483647;
			files = (
				8D11072F0486CEB800E47090 /* Cocoa.framework in Frameworks */,
				481B78490D7E034E00422BCD /* Carbon.framework in Frameworks */,
				48291A940F5F297500B56B3F /* libcrypto.dylib in Frameworks */,
			);
			runOnlyForDeploymentPostprocessing = 0;
		};
/* End PBXFrameworksBuildPhase section */

/* Begin PBXGroup section */
		080E96DDFE201D6D7F000001 /* Classes */ = {
			isa = PBXGroup;
			children = (
				EB6C6AA80D05FEC200DAB164 /* Third-Party */,
				EB6C6AA40D05FE1800DAB164 /* Utilities */,
				EB6C68B10D0455F200DAB164 /* Controllers */,
				EB6C68B20D04560500DAB164 /* Views */,
			);
			name = Classes;
			sourceTree = "<group>";
		};
		1058C7A0FEA54F0111CA2CBB /* Linked Frameworks */ = {
			isa = PBXGroup;
			children = (
				48291A930F5F297500B56B3F /* libcrypto.dylib */,
				481B78480D7E034E00422BCD /* Carbon.framework */,
				1058C7A1FEA54F0111CA2CBB /* Cocoa.framework */,
			);
			name = "Linked Frameworks";
			sourceTree = "<group>";
		};
		1058C7A2FEA54F0111CA2CBB /* Other Frameworks */ = {
			isa = PBXGroup;
			children = (
				77C82804067257F0000B614F /* CoreData.framework */,
				29B97325FDCFA39411CA2CEA /* Foundation.framework */,
				29B97324FDCFA39411CA2CEA /* AppKit.framework */,
			);
			name = "Other Frameworks";
			sourceTree = "<group>";
		};
		19C28FACFE9D520D11CA2CBB /* Products */ = {
			isa = PBXGroup;
			children = (
				8D1107320486CEB800E47090 /* Slife.app */,
			);
			name = Products;
			sourceTree = "<group>";
		};
		29B97314FDCFA39411CA2CEA /* Slife */ = {
			isa = PBXGroup;
			children = (
				7756732906782D8800D1FEB8 /* Models */,
				080E96DDFE201D6D7F000001 /* Classes */,
				29B97315FDCFA39411CA2CEA /* Other Sources */,
				29B97317FDCFA39411CA2CEA /* Resources */,
				29B97323FDCFA39411CA2CEA /* Frameworks */,
				19C28FACFE9D520D11CA2CBB /* Products */,
			);
			name = Slife;
			sourceTree = "<group>";
		};
		29B97315FDCFA39411CA2CEA /* Other Sources */ = {
			isa = PBXGroup;
			children = (
				32CA4F630368D1EE00C91783 /* Slife_Prefix.pch */,
				29B97316FDCFA39411CA2CEA /* main.m */,
			);
			name = "Other Sources";
			sourceTree = "<group>";
		};
		29B97317FDCFA39411CA2CEA /* Resources */ = {
			isa = PBXGroup;
			children = (
				484CFC350D73772B00DD9C42 /* Scripts */,
				EB6BB91C0D0A186200CD8B1B /* Images */,
				8D1107310486CEB800E47090 /* Info.plist */,
				089C165CFE840E0CC02AAC07 /* InfoPlist.strings */,
				29B97318FDCFA39411CA2CEA /* MainMenu.nib */,
				489385450E22AA45003C3EFB /* Inspector.xib */,
			);
			name = Resources;
			sourceTree = "<group>";
		};
		29B97323FDCFA39411CA2CEA /* Frameworks */ = {
			isa = PBXGroup;
			children = (
				1058C7A0FEA54F0111CA2CBB /* Linked Frameworks */,
				1058C7A2FEA54F0111CA2CBB /* Other Frameworks */,
			);
			name = Frameworks;
			sourceTree = "<group>";
		};
		484CFC350D73772B00DD9C42 /* Scripts */ = {
			isa = PBXGroup;
			children = (
				487165320DF4761A00A79E05 /* mail.scpt */,
				487165330DF4761A00A79E05 /* netnewswire.scpt */,
				485CC6400D858946008DC7B8 /* firefox.scpt */,
				485CC6410D858946008DC7B8 /* opera.scpt */,
				484CFCBC0D73940700DD9C42 /* safari.scpt */,
			);
			name = Scripts;
			sourceTree = "<group>";
		};
		7756732906782D8800D1FEB8 /* Models */ = {
			isa = PBXGroup;
			children = (
				48FDB7E60E36835900BA0CE4 /* SLMappingModel-20201.xcmappingmodel */,
				489388D40E256D70003C3EFB /* Slife_DataModel.xcdatamodeld */,
			);
			name = Models;
			sourceTree = "<group>";
		};
		EB6BB91C0D0A186200CD8B1B /* Images */ = {
			isa = PBXGroup;
			children = (
				4844C6B30E0087F700524A18 /* welcome-arrow.tiff */,
				4844C6CD0E0091BD00524A18 /* welcome-arrow-pressed.tiff */,
				486372060DE74C0D0096AD9F /* edit.tiff */,
				4887C6C50DD233920069616E /* yellow-dot.tiff */,
				48C2D3FE0DCA7C7200E4D8A3 /* gray-dot.tiff */,
				48C2D3E40DCA789C00E4D8A3 /* green-dot.tiff */,
				48C2D3E50DCA789C00E4D8A3 /* red-dot.tiff */,
				489CAF2F0DB83DDC00321883 /* info.tiff */,
				482CF5990DBFC4E0006525AB /* lock.tiff */,
				482CF59A0DBFC4E0006525AB /* move.tiff */,
				48CBF75A0DA19EE900D1BF6C /* menubar-black.png */,
				48CBF75B0DA19EE900D1BF6C /* menubar-red.png */,
				48C95A810D9D419A00957685 /* item-small.png */,
				48C95A440D9D2DCA00957685 /* application-small.png */,
				48C95A450D9D2DCA00957685 /* day-small.png */,
				48C95A460D9D2DCA00957685 /* goal-small.png */,
				48C95A470D9D2DCA00957685 /* month-small.png */,
				48C95A3C0D9D2B8100957685 /* activity-settings-small.png */,
				48C95A3D0D9D2B8100957685 /* application-settings-small.png */,
				48C95A3E0D9D2B8100957685 /* item-settings-small.png */,
				48C95A0D0D9D24F100957685 /* activity-small.png */,
				48C95A060D9D234900957685 /* Slife.icns */,
				487C4B1C0D872CFB00E16794 /* linkarrow.tiff */,
				484F6AA30D7F42EB00856563 /* aquablue.tiff */,
				484F697E0D7F043D00856563 /* cal.tiff */,
				484F697F0D7F043D00856563 /* time.tiff */,
				48DBECB60D6F443700FAFD57 /* graygradientlarge.tiff */,
				48BA15DE0D6A1FE20056946A /* aquabar.tiff */,
				484F6A860D7F3FFF00856563 /* aquagray.tiff */,
				48BA15DF0D6A1FE20056946A /* splitviewthumb.tiff */,
			);
			path = Images;
			sourceTree = "<group>";
		};
		EB6C68B10D0455F200DAB164 /* Controllers */ = {
			isa = PBXGroup;
			children = (
				48CBF6FC0DA178BB00D1BF6C /* SLPreferences.m */,
				482CF3250DAC00D0006525AB /* SLControllerConstants.m */,
				4893860F0E23AF2B003C3EFB /* SLInfoWindowController.h */,
				489386100E23AF2B003C3EFB /* SLInfoWindowController.m */,
				487CD5180DF86EC5007ABADE /* SLSideFrameButtonController.h */,
				487CD5190DF86EC5007ABADE /* SLSideFrameButtonController.m */,
				EB8C693F0D077795001CB7DF /* SLObserver.h */,
				EB8C69400D077795001CB7DF /* SLObserver.m */,
				77C8280B06725ACE000B614F /* Slife_AppDelegate.h */,
				77C8280C06725ACE000B614F /* Slife_AppDelegate.m */,
			);
			name = Controllers;
			sourceTree = "<group>";
		};
		EB6C68B20D04560500DAB164 /* Views */ = {
			isa = PBXGroup;
			children = (
				4833D8730DED9EE8001DD233 /* SLAppsView.h */,
				4833D8740DED9EE8001DD233 /* SLAppsView.m */,
				487163950DF2D89B00A79E05 /* SLItemsView.h */,
				487163960DF2D89B00A79E05 /* SLItemsView.m */,
				48DBEBFE0D6E5A9B00FAFD57 /* SLActivitiesView.h */,
				48DBEBFF0D6E5A9B00FAFD57 /* SLActivitiesView.m */,
				EB6C68B30D04565700DAB164 /* SLDayView.h */,
				EB6C68B40D04565700DAB164 /* SLDayView.m */,
				48ED5FBC0D99B5FE003673FA /* SLGoalsView.h */,
				48ED5FBD0D99B5FE003673FA /* SLGoalsView.m */,
				4833D8770DED9EE8001DD233 /* SLMonthView.h */,
				4833D8780DED9EE8001DD233 /* SLMonthView.m */,
				4833D8750DED9EE8001DD233 /* SLGradientView.h */,
				4833D8760DED9EE8001DD233 /* SLGradientView.m */,
				48DBEA5A0D6DF52300FAFD57 /* SLActivitiesSplitView.h */,
				48DBEA5B0D6DF52300FAFD57 /* SLActivitiesSplitView.m */,
				48DBEC1B0D6F2F1700FAFD57 /* SLBarGraphView.h */,
				48DBEC1C0D6F2F1700FAFD57 /* SLBarGraphView.m */,
				48DBEC040D6E5A9B00FAFD57 /* SLControlsView.h */,
				48DBEC050D6E5A9B00FAFD57 /* SLControlsView.m */,
				EB6C6A180D05E7C100DAB164 /* SLViewConstants.m */,
				48DBEC160D6F2EB900FAFD57 /* SLWhiteView.h */,
				48DBEC170D6F2EB900FAFD57 /* SLWhiteView.m */,
				48FF095B0D3D6A24009B856F /* SLColorCell.h */,
				48FF095C0D3D6A24009B856F /* SLColorCell.m */,
				EB6BB9040D09FA2D00CD8B1B /* SLSideFrame.h */,
				EB6BB9050D09FA2D00CD8B1B /* SLSideFrame.m */,
				487CD51B0DF86EE0007ABADE /* SLSideFrameButtonView.h */,
				487CD51C0DF86EE0007ABADE /* SLSideFrameButtonView.m */,
			);
			name = Views;
			sourceTree = "<group>";
		};
		EB6C6AA40D05FE1800DAB164 /* Utilities */ = {
			isa = PBXGroup;
			children = (
				EB6C6AA50D05FE4600DAB164 /* SLUtilities.h */,
				EB6C6AA60D05FE4600DAB164 /* SLUtilities.m */,
			);
			name = Utilities;
			sourceTree = "<group>";
		};
		EB6C6AA80D05FEC200DAB164 /* Third-Party */ = {
			isa = PBXGroup;
			children = (
				484CFD150D74613C00DD9C42 /* MAAttachedWindow.h */,
				484CFD160D74613C00DD9C42 /* MAAttachedWindow.m */,
				48BA15FD0D6A2AE70056946A /* DBSourceSplitView.h */,
				48BA15FE0D6A2AE70056946A /* DBSourceSplitView.m */,
				48BA15F80D6A2A850056946A /* KFSplitView.h */,
				48BA15F90D6A2A850056946A /* KFSplitView.m */,
				EB6C6ACE0D0600D600DAB164 /* LoginItemsAE.c */,
				EB6C6ACF0D0600D600DAB164 /* LoginItemsAE.h */,
				EB6C6AC20D05FF6200DAB164 /* UKLoginItemRegistry.h */,
				EB6C6AC30D05FF6200DAB164 /* UKLoginItemRegistry.m */,
				48BA1E730D9300D400774F15 /* ImageAndTextCell.h */,
				48BA1E740D9300D400774F15 /* ImageAndTextCell.m */,
			);
			name = "Third-Party";
			sourceTree = "<group>";
		};
/* End PBXGroup section */

/* Begin PBXNativeTarget section */
		8D1107260486CEB800E47090 /* Slife */ = {
			isa = PBXNativeTarget;
			buildConfigurationList = 26FC0A840875C7B200E6366F /* Build configuration list for PBXNativeTarget "Slife" */;
			buildPhases = (
				8D1107290486CEB800E47090 /* Resources */,
				8D11072C0486CEB800E47090 /* Sources */,
				8D11072E0486CEB800E47090 /* Frameworks */,
				48A2E5CF0D982F0D00325AD1 /* CopyFiles */,
			);
			buildRules = (
			);
			dependencies = (
			);
			name = Slife;
			productInstallPath = "$(HOME)/Applications";
			productName = Slife;
			productReference = 8D1107320486CEB800E47090 /* Slife.app */;
			productType = "com.apple.product-type.application";
		};
/* End PBXNativeTarget section */

/* Begin PBXProject section */
		29B97313FDCFA39411CA2CEA /* Project object */ = {
			isa = PBXProject;
			buildConfigurationList = 26FC0A880875C7B200E6366F /* Build configuration list for PBXProject "Slife" */;
			compatibilityVersion = "Xcode 3.0";
			hasScannedForEncodings = 1;
			mainGroup = 29B97314FDCFA39411CA2CEA /* Slife */;
			projectDirPath = "";
			projectRoot = "";
			targets = (
				8D1107260486CEB800E47090 /* Slife */,
			);
		};
/* End PBXProject section */

/* Begin PBXResourcesBuildPhase section */
		8D1107290486CEB800E47090 /* Resources */ = {
			isa = PBXResourcesBuildPhase;
			buildActionMask = 2147483647;
			files = (
				8D11072A0486CEB800E47090 /* MainMenu.nib in Resources */,
				484CFCBD0D73941100DD9C42 /* safari.scpt in Resources */,
				485CC6480D858EFD008DC7B8 /* firefox.scpt in Resources */,
				485CC6490D858EFD008DC7B8 /* opera.scpt in Resources */,
				4871654D0DF4770F00A79E05 /* mail.scpt in Resources */,
				4871654E0DF4770F00A79E05 /* netnewswire.scpt in Resources */,
				8D11072B0486CEB800E47090 /* InfoPlist.strings in Resources */,
				48BA15E00D6A1FE20056946A /* aquabar.tiff in Resources */,
				48BA15E10D6A1FE20056946A /* splitviewthumb.tiff in Resources */,
				48DBECB70D6F443700FAFD57 /* graygradientlarge.tiff in Resources */,
				484F69800D7F043D00856563 /* cal.tiff in Resources */,
				484F69810D7F043D00856563 /* time.tiff in Resources */,
				484F6A870D7F400000856563 /* aquagray.tiff in Resources */,
				484F6AA40D7F42EB00856563 /* aquablue.tiff in Resources */,
				487C4B1D0D872CFB00E16794 /* linkarrow.tiff in Resources */,
				48C95A070D9D234900957685 /* Slife.icns in Resources */,
				48C95A0E0D9D24F100957685 /* activity-small.png in Resources */,
				48C95A3F0D9D2B8100957685 /* activity-settings-small.png in Resources */,
				48C95A400D9D2B8100957685 /* application-settings-small.png in Resources */,
				48C95A410D9D2B8100957685 /* item-settings-small.png in Resources */,
				48C95A480D9D2DCA00957685 /* application-small.png in Resources */,
				48C95A490D9D2DCA00957685 /* day-small.png in Resources */,
				48C95A4A0D9D2DCA00957685 /* goal-small.png in Resources */,
				48C95A4B0D9D2DCA00957685 /* month-small.png in Resources */,
				48C95A820D9D419A00957685 /* item-small.png in Resources */,
				48CBF75C0DA19EE900D1BF6C /* menubar-black.png in Resources */,
				48CBF75D0DA19EE900D1BF6C /* menubar-red.png in Resources */,
				482CF59B0DBFC4E0006525AB /* lock.tiff in Resources */,
				482CF59C0DBFC4E0006525AB /* move.tiff in Resources */,
				489CAF300DB83DDC00321883 /* info.tiff in Resources */,
				48C2D3E70DCA789C00E4D8A3 /* green-dot.tiff in Resources */,
				48C2D3E80DCA789C00E4D8A3 /* red-dot.tiff in Resources */,
				48C2D3FF0DCA7C7200E4D8A3 /* gray-dot.tiff in Resources */,
				4887C6C60DD233920069616E /* yellow-dot.tiff in Resources */,
				486372070DE74C0D0096AD9F /* edit.tiff in Resources */,
				4844C6B40E0087F700524A18 /* welcome-arrow.tiff in Resources */,
				4844C6CE0E0091BD00524A18 /* welcome-arrow-pressed.tiff in Resources */,
				489385470E22AA45003C3EFB /* Inspector.xib in Resources */,
			);
			runOnlyForDeploymentPostprocessing = 0;
		};
/* End PBXResourcesBuildPhase section */

/* Begin PBXSourcesBuildPhase section */
		8D11072C0486CEB800E47090 /* Sources */ = {
			isa = PBXSourcesBuildPhase;
			buildActionMask = 2147483647;
			files = (
				8D11072D0486CEB800E47090 /* main.m in Sources */,
				77C8280E06725ACE000B614F /* Slife_AppDelegate.m in Sources */,
				489388D50E256D70003C3EFB /* Slife_DataModel.xcdatamodeld in Sources */,
				EB6C68B50D04565700DAB164 /* SLDayView.m in Sources */,
				EB6C6A190D05E7C100DAB164 /* SLViewConstants.m in Sources */,
				EB6C6AA70D05FE4600DAB164 /* SLUtilities.m in Sources */,
				EB6C6AC40D05FF6200DAB164 /* UKLoginItemRegistry.m in Sources */,
				EB6C6AD00D0600D600DAB164 /* LoginItemsAE.c in Sources */,
				EB8C69410D077795001CB7DF /* SLObserver.m in Sources */,
				EB6BB9060D09FA2D00CD8B1B /* SLSideFrame.m in Sources */,
				48FF095D0D3D6A24009B856F /* SLColorCell.m in Sources */,
				48BA15FA0D6A2A850056946A /* KFSplitView.m in Sources */,
				48BA15FF0D6A2AE70056946A /* DBSourceSplitView.m in Sources */,
				48DBEA5C0D6DF52300FAFD57 /* SLActivitiesSplitView.m in Sources */,
				48DBEC0A0D6E5A9B00FAFD57 /* SLActivitiesView.m in Sources */,
				48DBEC0D0D6E5A9B00FAFD57 /* SLControlsView.m in Sources */,
				48DBEC180D6F2EB900FAFD57 /* SLWhiteView.m in Sources */,
				48DBEC1D0D6F2F1700FAFD57 /* SLBarGraphView.m in Sources */,
				484CFD170D74613C00DD9C42 /* MAAttachedWindow.m in Sources */,
				48BA1E750D9300D400774F15 /* ImageAndTextCell.m in Sources */,
				48ED5FBE0D99B5FE003673FA /* SLGoalsView.m in Sources */,
				48CBF6FD0DA178BB00D1BF6C /* SLPreferences.m in Sources */,
				482CF3260DAC00D0006525AB /* SLControllerConstants.m in Sources */,
				4833D87A0DED9EE8001DD233 /* SLAppsView.m in Sources */,
				4833D87B0DED9EE8001DD233 /* SLGradientView.m in Sources */,
				4833D87C0DED9EE8001DD233 /* SLMonthView.m in Sources */,
				487163970DF2D89B00A79E05 /* SLItemsView.m in Sources */,
				487CD51A0DF86EC5007ABADE /* SLSideFrameButtonController.m in Sources */,
				487CD51D0DF86EE0007ABADE /* SLSideFrameButtonView.m in Sources */,
				489386110E23AF2B003C3EFB /* SLInfoWindowController.m in Sources */,
				48FDB7E70E36835900BA0CE4 /* SLMappingModel-20201.xcmappingmodel in Sources */,
			);
			runOnlyForDeploymentPostprocessing = 0;
		};
/* End PBXSourcesBuildPhase section */

/* Begin PBXVariantGroup section */
		089C165CFE840E0CC02AAC07 /* InfoPlist.strings */ = {
			isa = PBXVariantGroup;
			children = (
				089C165DFE840E0CC02AAC07 /* English */,
			);
			name = InfoPlist.strings;
			sourceTree = "<group>";
		};
		29B97318FDCFA39411CA2CEA /* MainMenu.nib */ = {
			isa = PBXVariantGroup;
			children = (
				29B97319FDCFA39411CA2CEA /* English */,
			);
			name = MainMenu.nib;
			sourceTree = "<group>";
		};
		489385450E22AA45003C3EFB /* Inspector.xib */ = {
			isa = PBXVariantGroup;
			children = (
				489385460E22AA45003C3EFB /* English */,
			);
			name = Inspector.xib;
			sourceTree = "<group>";
		};
/* End PBXVariantGroup section */

/* Begin XCBuildConfiguration section */
		26FC0A850875C7B200E6366F /* Debug */ = {
			isa = XCBuildConfiguration;
			buildSettings = {
				COPY_PHASE_STRIP = NO;
				FRAMEWORK_SEARCH_PATHS = (
					"$(inherited)",
					"\"$(SRCROOT)/Third-Party\"",
				);
				GCC_DYNAMIC_NO_PIC = NO;
				GCC_ENABLE_FIX_AND_CONTINUE = YES;
				GCC_ENABLE_OBJC_EXCEPTIONS = YES;
				GCC_MODEL_TUNING = G5;
				GCC_OPTIMIZATION_LEVEL = 0;
				GCC_PRECOMPILE_PREFIX_HEADER = YES;
				GCC_PREFIX_HEADER = Slife_Prefix.pch;
				INFOPLIST_FILE = Info.plist;
				INSTALL_PATH = "$(HOME)/Applications";
				PRODUCT_NAME = Slife;
				WRAPPER_EXTENSION = app;
				ZERO_LINK = YES;
			};
			name = Debug;
		};
		26FC0A860875C7B200E6366F /* Release */ = {
			isa = XCBuildConfiguration;
			buildSettings = {
				DEBUG_INFORMATION_FORMAT = "dwarf-with-dsym";
				FRAMEWORK_SEARCH_PATHS = (
					"$(inherited)",
					"\"$(SRCROOT)/Third-Party\"",
				);
				GCC_ENABLE_OBJC_EXCEPTIONS = YES;
				GCC_MODEL_TUNING = G5;
				GCC_PRECOMPILE_PREFIX_HEADER = YES;
				GCC_PREFIX_HEADER = Slife_Prefix.pch;
				INFOPLIST_FILE = Info.plist;
				INSTALL_PATH = "$(HOME)/Applications";
				PRODUCT_NAME = Slife;
				WRAPPER_EXTENSION = app;
			};
			name = Release;
		};
		26FC0A890875C7B200E6366F /* Debug */ = {
			isa = XCBuildConfiguration;
			buildSettings = {
				GCC_ENABLE_OBJC_GC = required;
				GCC_WARN_ABOUT_RETURN_TYPE = YES;
				GCC_WARN_UNUSED_VARIABLE = YES;
				PREBINDING = NO;
				SDKROOT = "$(DEVELOPER_SDK_DIR)/MacOSX10.5.sdk";
			};
			name = Debug;
		};
		26FC0A8A0875C7B200E6366F /* Release */ = {
			isa = XCBuildConfiguration;
			buildSettings = {
				ARCHS = (
					ppc,
					i386,
				);
				GCC_ENABLE_OBJC_GC = required;
				GCC_WARN_ABOUT_RETURN_TYPE = YES;
				GCC_WARN_UNUSED_VARIABLE = YES;
				PREBINDING = NO;
				SDKROOT = "$(DEVELOPER_SDK_DIR)/MacOSX10.5.sdk";
			};
			name = Release;
		};
/* End XCBuildConfiguration section */

/* Begin XCConfigurationList section */
		26FC0A840875C7B200E6366F /* Build configuration list for PBXNativeTarget "Slife" */ = {
			isa = XCConfigurationList;
			buildConfigurations = (
				26FC0A850875C7B200E6366F /* Debug */,
				26FC0A860875C7B200E6366F /* Release */,
			);
			defaultConfigurationIsVisible = 0;
			defaultConfigurationName = Release;
		};
		26FC0A880875C7B200E6366F /* Build configuration list for PBXProject "Slife" */ = {
			isa = XCConfigurationList;
			buildConfigurations = (
				26FC0A890875C7B200E6366F /* Debug */,
				26FC0A8A0875C7B200E6366F /* Release */,
			);
			defaultConfigurationIsVisible = 0;
			defaultConfigurationName = Release;
		};
/* End XCConfigurationList section */

/* Begin XCVersionGroup section */
		489388D40E256D70003C3EFB /* Slife_DataModel.xcdatamodeld */ = {
			isa = XCVersionGroup;
			children = (
				770B37EC0679A11B001EADE2 /* Slife_DataModel.xcdatamodel */,
				48B33CA20E35298B0032B79B /* Slife_DataModel 2.xcdatamodel */,
			);
			currentVersion = 48B33CA20E35298B0032B79B /* Slife_DataModel 2.xcdatamodel */;
			path = Slife_DataModel.xcdatamodeld;
			sourceTree = "<group>";
			versionGroupType = wrapper.xcdatamodel;
		};
/* End XCVersionGroup section */
	};
	rootObject = 29B97313FDCFA39411CA2CEA /* Project object */;
}
